{
  "name": "app",
  "version": "1.0.0",
  "lockfileVersion": 1,
  "requires": true,
  "dependencies": {
    "graphite": {
      "version": "0.1.4",
      "resolved": "https://registry.npmjs.org/graphite/-/graphite-0.1.4.tgz",
      "integrity": "sha512-26bBoyKkuv5g2YpPbWKeSvTlKvGvKlkRdDl05rOiJUx/Jw2IfERkHprrJoHNcSZJ7RG2XvfQF1oHXhq6K9elVQ==",
      "requires": {
        "lazy-socket": "0.0.3"
      }
    },
    "lazy-socket": {
      "version": "0.0.3",
      "resolved": "https://registry.npmjs.org/lazy-socket/-/lazy-socket-0.0.3.tgz",
      "integrity": "sha1-IY35pYDxVE2LuEwxSd8EesDP/To="
    }
  }
}
